// !$*UTF8*$!
{
	archiveVersion = 1;
	classes = {
	};
	objectVersion = 50;
	objects = {

/* Begin PBXBuildFile section */
		5A3FFE4223914066008D98A8 /* AppDelegate.swift in Sources */ = {isa = PBXBuildFile; fileRef = 5A3FFE4123914066008D98A8 /* AppDelegate.swift */; };
		5A3FFE4423914066008D98A8 /* ViewController.swift in Sources */ = {isa = PBXBuildFile; fileRef = 5A3FFE4323914066008D98A8 /* ViewController.swift */; };
		5A3FFE4723914066008D98A8 /* Main.storyboard in Resources */ = {isa = PBXBuildFile; fileRef = 5A3FFE4523914066008D98A8 /* Main.storyboard */; };
		5A3FFE4923914067008D98A8 /* Assets.xcassets in Resources */ = {isa = PBXBuildFile; fileRef = 5A3FFE4823914067008D98A8 /* Assets.xcassets */; };
		5A3FFE4C23914067008D98A8 /* LaunchScreen.storyboard in Resources */ = {isa = PBXBuildFile; fileRef = 5A3FFE4A23914067008D98A8 /* LaunchScreen.storyboard */; };
		5A3FFE5723914067008D98A8 /* MZButtonTests.swift in Sources */ = {isa = PBXBuildFile; fileRef = 5A3FFE5623914067008D98A8 /* MZButtonTests.swift */; };
		5A3FFE6223914067008D98A8 /* MZButtonUITests.swift in Sources */ = {isa = PBXBuildFile; fileRef = 5A3FFE6123914067008D98A8 /* MZButtonUITests.swift */; };
		5A3FFE71239140E0008D98A8 /* UIButton+MZImageTitle.swift in Sources */ = {isa = PBXBuildFile; fileRef = 5A3FFE70239140E0008D98A8 /* UIButton+MZImageTitle.swift */; };
		5A3FFE732391543F008D98A8 /* MZButton.swift in Sources */ = {isa = PBXBuildFile; fileRef = 5A3FFE722391543F008D98A8 /* MZButton.swift */; };
/* End PBXBuildFile section */

/* Begin PBXContainerItemProxy section */
		5A3FFE5323914067008D98A8 /* PBXContainerItemProxy */ = {
			isa = PBXContainerItemProxy;
			containerPortal = 5A3FFE3623914065008D98A8 /* Project object */;
			proxyType = 1;
			remoteGlobalIDString = 5A3FFE3D23914066008D98A8;
			remoteInfo = MZButton;
		};
		5A3FFE5E23914067008D98A8 /* PBXContainerItemProxy */ = {
			isa = PBXContainerItemProxy;
			containerPortal = 5A3FFE3623914065008D98A8 /* Project object */;
			proxyType = 1;
			remoteGlobalIDString = 5A3FFE3D23914066008D98A8;
			remoteInfo = MZButton;
		};
/* End PBXContainerItemProxy section */

/* Begin PBXFileReference section */
		5A3FFE3E23914066008D98A8 /* MZButton.app */ = {isa = PBXFileReference; explicitFileType = wrapper.application; includeInIndex = 0; path = MZButton.app; sourceTree = BUILT_PRODUCTS_DIR; };
		5A3FFE4123914066008D98A8 /* AppDelegate.swift */ = {isa = PBXFileReference; lastKnownFileType = sourcecode.swift; path = AppDelegate.swift; sourceTree = "<group>"; };
		5A3FFE4323914066008D98A8 /* ViewController.swift */ = {isa = PBXFileReference; lastKnownFileType = sourcecode.swift; path = ViewController.swift; sourceTree = "<group>"; };
		5A3FFE4623914066008D98A8 /* Base */ = {isa = PBXFileReference; lastKnownFileType = file.storyboard; name = Base; path = Base.lproj/Main.storyboard; sourceTree = "<group>"; };
		5A3FFE4823914067008D98A8 /* Assets.xcassets */ = {isa = PBXFileReference; lastKnownFileType = folder.assetcatalog; path = Assets.xcassets; sourceTree = "<group>"; };
		5A3FFE4B23914067008D98A8 /* Base */ = {isa = PBXFileReference; lastKnownFileType = file.storyboard; name = Base; path = Base.lproj/LaunchScreen.storyboard; sourceTree = "<group>"; };
		5A3FFE4D23914067008D98A8 /* Info.plist */ = {isa = PBXFileReference; lastKnownFileType = text.plist.xml; path = Info.plist; sourceTree = "<group>"; };
		5A3FFE5223914067008D98A8 /* MZButtonTests.xctest */ = {isa = PBXFileReference; explicitFileType = wrapper.cfbundle; includeInIndex = 0; path = MZButtonTests.xctest; sourceTree = BUILT_PRODUCTS_DIR; };
		5A3FFE5623914067008D98A8 /* MZButtonTests.swift */ = {isa = PBXFileReference; lastKnownFileType = sourcecode.swift; path = MZButtonTests.swift; sourceTree = "<group>"; };
		5A3FFE5823914067008D98A8 /* Info.plist */ = {isa = PBXFileReference; lastKnownFileType = text.plist.xml; path = Info.plist; sourceTree = "<group>"; };
		5A3FFE5D23914067008D98A8 /* MZButtonUITests.xctest */ = {isa = PBXFileReference; explicitFileType = wrapper.cfbundle; includeInIndex = 0; path = MZButtonUITests.xctest; sourceTree = BUILT_PRODUCTS_DIR; };
		5A3FFE6123914067008D98A8 /* MZButtonUITests.swift */ = {isa = PBXFileReference; lastKnownFileType = sourcecode.swift; path = MZButtonUITests.swift; sourceTree = "<group>"; };
		5A3FFE6323914067008D98A8 /* Info.plist */ = {isa = PBXFileReference; lastKnownFileType = text.plist.xml; path = Info.plist; sourceTree = "<group>"; };
		5A3FFE70239140E0008D98A8 /* UIButton+MZImageTitle.swift */ = {isa = PBXFileReference; lastKnownFileType = sourcecode.swift; path = "UIButton+MZImageTitle.swift"; sourceTree = "<group>"; };
		5A3FFE722391543F008D98A8 /* MZButton.swift */ = {isa = PBXFileReference; lastKnownFileType = sourcecode.swift; path = MZButton.swift; sourceTree = "<group>"; };
/* End PBXFileReference section */

/* Begin PBXFrameworksBuildPhase section */
		5A3FFE3B23914066008D98A8 /* Frameworks */ = {
			isa = PBXFrameworksBuildPhase;
			buildActionMask = 2147483647;
			files = (
			);
			runOnlyForDeploymentPostprocessing = 0;
		};
		5A3FFE4F23914067008D98A8 /* Frameworks */ = {
			isa = PBXFrameworksBuildPhase;
			buildActionMask = 2147483647;
			files = (
			);
			runOnlyForDeploymentPostprocessing = 0;
		};
		5A3FFE5A23914067008D98A8 /* Frameworks */ = {
			isa = PBXFrameworksBuildPhase;
			buildActionMask = 2147483647;
			files = (
			);
			runOnlyForDeploymentPostprocessing = 0;
		};
/* End PBXFrameworksBuildPhase section */

/* Begin PBXGroup section */
		5A3FFE3523914065008D98A8 = {
			isa = PBXGroup;
			children = (
				5A3FFE4023914066008D98A8 /* MZButton */,
				5A3FFE5523914067008D98A8 /* MZButtonTests */,
				5A3FFE6023914067008D98A8 /* MZButtonUITests */,
				5A3FFE3F23914066008D98A8 /* Products */,
			);
			sourceTree = "<group>";
		};
		5A3FFE3F23914066008D98A8 /* Products */ = {
			isa = PBXGroup;
			children = (
				5A3FFE3E23914066008D98A8 /* MZButton.app */,
				5A3FFE5223914067008D98A8 /* MZButtonTests.xctest */,
				5A3FFE5D23914067008D98A8 /* MZButtonUITests.xctest */,
			);
			name = Products;
			sourceTree = "<group>";
		};
		5A3FFE4023914066008D98A8 /* MZButton */ = {
			isa = PBXGroup;
			children = (
				5A3FFE6F23914089008D98A8 /* MZButton */,
				5A3FFE4123914066008D98A8 /* AppDelegate.swift */,
				5A3FFE4323914066008D98A8 /* ViewController.swift */,
				5A3FFE4523914066008D98A8 /* Main.storyboard */,
				5A3FFE4823914067008D98A8 /* Assets.xcassets */,
				5A3FFE4A23914067008D98A8 /* LaunchScreen.storyboard */,
				5A3FFE4D23914067008D98A8 /* Info.plist */,
			);
			path = MZButton;
			sourceTree = "<group>";
		};
		5A3FFE5523914067008D98A8 /* MZButtonTests */ = {
			isa = PBXGroup;
			children = (
				5A3FFE5623914067008D98A8 /* MZButtonTests.swift */,
				5A3FFE5823914067008D98A8 /* Info.plist */,
			);
			path = MZButtonTests;
			sourceTree = "<group>";
		};
		5A3FFE6023914067008D98A8 /* MZButtonUITests */ = {
			isa = PBXGroup;
			children = (
				5A3FFE6123914067008D98A8 /* MZButtonUITests.swift */,
				5A3FFE6323914067008D98A8 /* Info.plist */,
			);
			path = MZButtonUITests;
			sourceTree = "<group>";
		};
		5A3FFE6F23914089008D98A8 /* MZButton */ = {
			isa = PBXGroup;
			children = (
				5A3FFE70239140E0008D98A8 /* UIButton+MZImageTitle.swift */,
				5A3FFE722391543F008D98A8 /* MZButton.swift */,
			);
			path = MZButton;
			sourceTree = "<group>";
		};
/* End PBXGroup section */

/* Begin PBXNativeTarget section */
		5A3FFE3D23914066008D98A8 /* MZButton */ = {
			isa = PBXNativeTarget;
			buildConfigurationList = 5A3FFE6623914067008D98A8 /* Build configuration list for PBXNativeTarget "MZButton" */;
			buildPhases = (
				5A3FFE3A23914066008D98A8 /* Sources */,
				5A3FFE3B23914066008D98A8 /* Frameworks */,
				5A3FFE3C23914066008D98A8 /* Resources */,
			);
			buildRules = (
			);
			dependencies = (
			);
			name = MZButton;
			productName = MZButton;
			productReference = 5A3FFE3E23914066008D98A8 /* MZButton.app */;
			productType = "com.apple.product-type.application";
		};
		5A3FFE5123914067008D98A8 /* MZButtonTests */ = {
			isa = PBXNativeTarget;
			buildConfigurationList = 5A3FFE6923914067008D98A8 /* Build configuration list for PBXNativeTarget "MZButtonTests" */;
			buildPhases = (
				5A3FFE4E23914067008D98A8 /* Sources */,
				5A3FFE4F23914067008D98A8 /* Frameworks */,
				5A3FFE5023914067008D98A8 /* Resources */,
			);
			buildRules = (
			);
			dependencies = (
				5A3FFE5423914067008D98A8 /* PBXTargetDependency */,
			);
			name = MZButtonTests;
			productName = MZButtonTests;
			productReference = 5A3FFE5223914067008D98A8 /* MZButtonTests.xctest */;
			productType = "com.apple.product-type.bundle.unit-test";
		};
		5A3FFE5C23914067008D98A8 /* MZButtonUITests */ = {
			isa = PBXNativeTarget;
			buildConfigurationList = 5A3FFE6C23914067008D98A8 /* Build configuration list for PBXNativeTarget "MZButtonUITests" */;
			buildPhases = (
				5A3FFE5923914067008D98A8 /* Sources */,
				5A3FFE5A23914067008D98A8 /* Frameworks */,
				5A3FFE5B23914067008D98A8 /* Resources */,
			);
			buildRules = (
			);
			dependencies = (
				5A3FFE5F23914067008D98A8 /* PBXTargetDependency */,
			);
			name = MZButtonUITests;
			productName = MZButtonUITests;
			productReference = 5A3FFE5D23914067008D98A8 /* MZButtonUITests.xctest */;
			productType = "com.apple.product-type.bundle.ui-testing";
		};
/* End PBXNativeTarget section */

/* Begin PBXProject section */
		5A3FFE3623914065008D98A8 /* Project object */ = {
			isa = PBXProject;
			attributes = {
				LastSwiftUpdateCheck = 1010;
				LastUpgradeCheck = 1220;
				ORGANIZATIONNAME = Mr.Z;
				TargetAttributes = {
					5A3FFE3D23914066008D98A8 = {
						CreatedOnToolsVersion = 10.1;
						LastSwiftMigration = 1220;
					};
					5A3FFE5123914067008D98A8 = {
						CreatedOnToolsVersion = 10.1;
						LastSwiftMigration = 1220;
						TestTargetID = 5A3FFE3D23914066008D98A8;
					};
					5A3FFE5C23914067008D98A8 = {
						CreatedOnToolsVersion = 10.1;
						LastSwiftMigration = 1220;
						TestTargetID = 5A3FFE3D23914066008D98A8;
					};
				};
			};
			buildConfigurationList = 5A3FFE3923914065008D98A8 /* Build configuration list for PBXProject "MZButton" */;
			compatibilityVersion = "Xcode 9.3";
			developmentRegion = en;
			hasScannedForEncodings = 0;
			knownRegions = (
				en,
				Base,
			);
			mainGroup = 5A3FFE3523914065008D98A8;
			productRefGroup = 5A3FFE3F23914066008D98A8 /* Products */;
			projectDirPath = "";
			projectRoot = "";
			targets = (
				5A3FFE3D23914066008D98A8 /* MZButton */,
				5A3FFE5123914067008D98A8 /* MZButtonTests */,
				5A3FFE5C23914067008D98A8 /* MZButtonUITests */,
			);
		};
/* End PBXProject section */

/* Begin PBXResourcesBuildPhase section */
		5A3FFE3C23914066008D98A8 /* Resources */ = {
			isa = PBXResourcesBuildPhase;
			buildActionMask = 2147483647;
			files = (
				5A3FFE4C23914067008D98A8 /* LaunchScreen.storyboard in Resources */,
				5A3FFE4923914067008D98A8 /* Assets.xcassets in Resources */,
				5A3FFE4723914066008D98A8 /* Main.storyboard in Resources */,
			);
			runOnlyForDeploymentPostprocessing = 0;
		};
		5A3FFE5023914067008D98A8 /* Resources */ = {
			isa = PBXResourcesBuildPhase;
			buildActionMask = 2147483647;
			files = (
			);
			runOnlyForDeploymentPostprocessing = 0;
		};
		5A3FFE5B23914067008D98A8 /* Resources */ = {
			isa = PBXResourcesBuildPhase;
			buildActionMask = 2147483647;
			files = (
			);
			runOnlyForDeploymentPostprocessing = 0;
		};
/* End PBXResourcesBuildPhase section */

/* Begin PBXSourcesBuildPhase section */
		5A3FFE3A23914066008D98A8 /* Sources */ = {
			isa = PBXSourcesBuildPhase;
			buildActionMask = 2147483647;
			files = (
				5A3FFE732391543F008D98A8 /* MZButton.swift in Sources */,
				5A3FFE4423914066008D98A8 /* ViewController.swift in Sources */,
				5A3FFE71239140E0008D98A8 /* UIButton+MZImageTitle.swift in Sources */,
				5A3FFE4223914066008D98A8 /* AppDelegate.swift in Sources */,
			);
			runOnlyForDeploymentPostprocessing = 0;
		};
		5A3FFE4E23914067008D98A8 /* Sources */ = {
			isa = PBXSourcesBuildPhase;
			buildActionMask = 2147483647;
			files = (
				5A3FFE5723914067008D98A8 /* MZButtonTests.swift in Sources */,
			);
			runOnlyForDeploymentPostprocessing = 0;
		};
		5A3FFE5923914067008D98A8 /* Sources */ = {
			isa = PBXSourcesBuildPhase;
			buildActionMask = 2147483647;
			files = (
				5A3FFE6223914067008D98A8 /* MZButtonUITests.swift in Sources */,
			);
			runOnlyForDeploymentPostprocessing = 0;
		};
/* End PBXSourcesBuildPhase section */

/* Begin PBXTargetDependency section */
		5A3FFE5423914067008D98A8 /* PBXTargetDependency */ = {
			isa = PBXTargetDependency;
			target = 5A3FFE3D23914066008D98A8 /* MZButton */;
			targetProxy = 5A3FFE5323914067008D98A8 /* PBXContainerItemProxy */;
		};
		5A3FFE5F23914067008D98A8 /* PBXTargetDependency */ = {
			isa = PBXTargetDependency;
			target = 5A3FFE3D23914066008D98A8 /* MZButton */;
			targetProxy = 5A3FFE5E23914067008D98A8 /* PBXContainerItemProxy */;
		};
/* End PBXTargetDependency section */

/* Begin PBXVariantGroup section */
		5A3FFE4523914066008D98A8 /* Main.storyboard */ = {
			isa = PBXVariantGroup;
			children = (
				5A3FFE4623914066008D98A8 /* Base */,
			);
			name = Main.storyboard;
			sourceTree = "<group>";
		};
		5A3FFE4A23914067008D98A8 /* LaunchScreen.storyboard */ = {
			isa = PBXVariantGroup;
			children = (
				5A3FFE4B23914067008D98A8 /* Base */,
			);
			name = LaunchScreen.storyboard;
			sourceTree = "<group>";
		};
/* End PBXVariantGroup section */

/* Begin XCBuildConfiguration section */
		5A3FFE6423914067008D98A8 /* Debug */ = {
			isa = XCBuildConfiguration;
			buildSettings = {
				ALWAYS_SEARCH_USER_PATHS = NO;
				CLANG_ANALYZER_NONNULL = YES;
				CLANG_ANALYZER_NUMBER_OBJECT_CONVERSION = YES_AGGRESSIVE;
				CLANG_CXX_LANGUAGE_STANDARD = "gnu++14";
				CLANG_CXX_LIBRARY = "libc++";
				CLANG_ENABLE_MODULES = YES;
				CLANG_ENABLE_OBJC_ARC = YES;
				CLANG_ENABLE_OBJC_WEAK = YES;
				CLANG_WARN_BLOCK_CAPTURE_AUTORELEASING = YES;
				CLANG_WARN_BOOL_CONVERSION = YES;
				CLANG_WARN_COMMA = YES;
				CLANG_WARN_CONSTANT_CONVERSION = YES;
				CLANG_WARN_DEPRECATED_OBJC_IMPLEMENTATIONS = YES;
				CLANG_WARN_DIRECT_OBJC_ISA_USAGE = YES_ERROR;
				CLANG_WARN_DOCUMENTATION_COMMENTS = YES;
				CLANG_WARN_EMPTY_BODY = YES;
				CLANG_WARN_ENUM_CONVERSION = YES;
				CLANG_WARN_INFINITE_RECURSION = YES;
				CLANG_WARN_INT_CONVERSION = YES;
				CLANG_WARN_NON_LITERAL_NULL_CONVERSION = YES;
				CLANG_WARN_OBJC_IMPLICIT_RETAIN_SELF = YES;
				CLANG_WARN_OBJC_LITERAL_CONVERSION = YES;
				CLANG_WARN_OBJC_ROOT_CLASS = YES_ERROR;
				CLANG_WARN_QUOTED_INCLUDE_IN_FRAMEWORK_HEADER = YES;
				CLANG_WARN_RANGE_LOOP_ANALYSIS = YES;
				CLANG_WARN_STRICT_PROTOTYPES = YES;
				CLANG_WARN_SUSPICIOUS_MOVE = YES;
				CLANG_WARN_UNGUARDED_AVAILABILITY = YES_AGGRESSIVE;
				CLANG_WARN_UNREACHABLE_CODE = YES;
				CLANG_WARN__DUPLICATE_METHOD_MATCH = YES;
				CODE_SIGN_IDENTITY = "iPhone Developer";
				COPY_PHASE_STRIP = NO;
				DEBUG_INFORMATION_FORMAT = dwarf;
				ENABLE_STRICT_OBJC_MSGSEND = YES;
				ENABLE_TESTABILITY = YES;
				GCC_C_LANGUAGE_STANDARD = gnu11;
				GCC_DYNAMIC_NO_PIC = NO;
				GCC_NO_COMMON_BLOCKS = YES;
				GCC_OPTIMIZATION_LEVEL = 0;
				GCC_PREPROCESSOR_DEFINITIONS = (
					"DEBUG=1",
					"$(inherited)",
				);
				GCC_WARN_64_TO_32_BIT_CONVERSION = YES;
				GCC_WARN_ABOUT_RETURN_TYPE = YES_ERROR;
				GCC_WARN_UNDECLARED_SELECTOR = YES;
				GCC_WARN_UNINITIALIZED_AUTOS = YES_AGGRESSIVE;
				GCC_WARN_UNUSED_FUNCTION = YES;
				GCC_WARN_UNUSED_VARIABLE = YES;
				IPHONEOS_DEPLOYMENT_TARGET = 9.0;
				MTL_ENABLE_DEBUG_INFO = INCLUDE_SOURCE;
				MTL_FAST_MATH = YES;
				ONLY_ACTIVE_ARCH = YES;
				SDKROOT = iphoneos;
				SWIFT_ACTIVE_COMPILATION_CONDITIONS = DEBUG;
				SWIFT_OPTIMIZATION_LEVEL = "-Onone";
			};
			name = Debug;
		};
		5A3FFE6523914067008D98A8 /* Release */ = {
			isa = XCBuildConfiguration;
			buildSettings = {
				ALWAYS_SEARCH_USER_PATHS = NO;
				CLANG_ANALYZER_NONNULL = YES;
				CLANG_ANALYZER_NUMBER_OBJECT_CONVERSION = YES_AGGRESSIVE;
				CLANG_CXX_LANGUAGE_STANDARD = "gnu++14";
				CLANG_CXX_LIBRARY = "libc++";
				CLANG_ENABLE_MODULES = YES;
				CLANG_ENABLE_OBJC_ARC = YES;
				CLANG_ENABLE_OBJC_WEAK = YES;
				CLANG_WARN_BLOCK_CAPTURE_AUTORELEASING = YES;
				CLANG_WARN_BOOL_CONVERSION = YES;
				CLANG_WARN_COMMA = YES;
				CLANG_WARN_CONSTANT_CONVERSION = YES;
				CLANG_WARN_DEPRECATED_OBJC_IMPLEMENTATIONS = YES;
				CLANG_WARN_DIRECT_OBJC_ISA_USAGE = YES_ERROR;
				CLANG_WARN_DOCUMENTATION_COMMENTS = YES;
				CLANG_WARN_EMPTY_BODY = YES;
				CLANG_WARN_ENUM_CONVERSION = YES;
				CLANG_WARN_INFINITE_RECURSION = YES;
				CLANG_WARN_INT_CONVERSION = YES;
				CLANG_WARN_NON_LITERAL_NULL_CONVERSION = YES;
				CLANG_WARN_OBJC_IMPLICIT_RETAIN_SELF = YES;
				CLANG_WARN_OBJC_LITERAL_CONVERSION = YES;
				CLANG_WARN_OBJC_ROOT_CLASS = YES_ERROR;
				CLANG_WARN_QUOTED_INCLUDE_IN_FRAMEWORK_HEADER = YES;
				CLANG_WARN_RANGE_LOOP_ANALYSIS = YES;
				CLANG_WARN_STRICT_PROTOTYPES = YES;
				CLANG_WARN_SUSPICIOUS_MOVE = YES;
				CLANG_WARN_UNGUARDED_AVAILABILITY = YES_AGGRESSIVE;
				CLANG_WARN_UNREACHABLE_CODE = YES;
				CLANG_WARN__DUPLICATE_METHOD_MATCH = YES;
				CODE_SIGN_IDENTITY = "iPhone Developer";
				COPY_PHASE_STRIP = NO;
				DEBUG_INFORMATION_FORMAT = "dwarf-with-dsym";
				ENABLE_NS_ASSERTIONS = NO;
				ENABLE_STRICT_OBJC_MSGSEND = YES;
				GCC_C_LANGUAGE_STANDARD = gnu11;
				GCC_NO_COMMON_BLOCKS = YES;
				GCC_WARN_64_TO_32_BIT_CONVERSION = YES;
				GCC_WARN_ABOUT_RETURN_TYPE = YES_ERROR;
				GCC_WARN_UNDECLARED_SELECTOR = YES;
				GCC_WARN_UNINITIALIZED_AUTOS = YES_AGGRESSIVE;
				GCC_WARN_UNUSED_FUNCTION = YES;
				GCC_WARN_UNUSED_VARIABLE = YES;
				IPHONEOS_DEPLOYMENT_TARGET = 9.0;
				MTL_ENABLE_DEBUG_INFO = NO;
				MTL_FAST_MATH = YES;
				SDKROOT = iphoneos;
				SWIFT_COMPILATION_MODE = wholemodule;
				SWIFT_OPTIMIZATION_LEVEL = "-O";
				VALIDATE_PRODUCT = YES;
			};
			name = Release;
		};
		5A3FFE6723914067008D98A8 /* Debug */ = {
			isa = XCBuildConfiguration;
			buildSettings = {
				ASSETCATALOG_COMPILER_APPICON_NAME = AppIcon;
				CODE_SIGN_STYLE = Automatic;
				DEVELOPMENT_TEAM = 4GKD84VMPR;
				INFOPLIST_FILE = MZButton/Info.plist;
				IPHONEOS_DEPLOYMENT_TARGET = 9.0;
				LD_RUNPATH_SEARCH_PATHS = (
					"$(inherited)",
					"@executable_path/Frameworks",
				);
				MARKETING_VERSION = 1.0.0;
				PRODUCT_BUNDLE_IDENTIFIER = com.git.mz.MZButton;
				PRODUCT_NAME = "$(TARGET_NAME)";
				SWIFT_VERSION = 5.0;
				TARGETED_DEVICE_FAMILY = "1,2";
			};
			name = Debug;
		};
		5A3FFE6823914067008D98A8 /* Release */ = {
			isa = XCBuildConfiguration;
			buildSettings = {
				ASSETCATALOG_COMPILER_APPICON_NAME = AppIcon;
				CODE_SIGN_STYLE = Automatic;
				DEVELOPMENT_TEAM = 4GKD84VMPR;
				INFOPLIST_FILE = MZButton/Info.plist;
				IPHONEOS_DEPLOYMENT_TARGET = 9.0;
				LD_RUNPATH_SEARCH_PATHS = (
					"$(inherited)",
					"@executable_path/Frameworks",
				);
				MARKETING_VERSION = 1.0.0;
				PRODUCT_BUNDLE_IDENTIFIER = com.git.mz.MZButton;
				PRODUCT_NAME = "$(TARGET_NAME)";
				SWIFT_VERSION = 5.0;
				TARGETED_DEVICE_FAMILY = "1,2";
			};
			name = Release;
		};
		5A3FFE6A23914067008D98A8 /* Debug */ = {
			isa = XCBuildConfiguration;
			buildSettings = {
				ALWAYS_EMBED_SWIFT_STANDARD_LIBRARIES = YES;
				BUNDLE_LOADER = "$(TEST_HOST)";
				CODE_SIGN_STYLE = Automatic;
				INFOPLIST_FILE = MZButtonTests/Info.plist;
				LD_RUNPATH_SEARCH_PATHS = (
					"$(inherited)",
					"@executable_path/Frameworks",
					"@loader_path/Frameworks",
				);
				PRODUCT_BUNDLE_IDENTIFIER = com.git.mz.MZButtonTests;
				PRODUCT_NAME = "$(TARGET_NAME)";
				SWIFT_VERSION = 5.0;
				TARGETED_DEVICE_FAMILY = "1,2";
				TEST_HOST = "$(BUILT_PRODUCTS_DIR)/MZButton.app/MZButton";
			};
			name = Debug;
		};
		5A3FFE6B23914067008D98A8 /* Release */ = {
			isa = XCBuildConfiguration;
			buildSettings = {
				ALWAYS_EMBED_SWIFT_STANDARD_LIBRARIES = YES;
				BUNDLE_LOADER = "$(TEST_HOST)";
				CODE_SIGN_STYLE = Automatic;
				INFOPLIST_FILE = MZButtonTests/Info.plist;
				LD_RUNPATH_SEARCH_PATHS = (
					"$(inherited)",
					"@executable_path/Frameworks",
					"@loader_path/Frameworks",
				);
				PRODUCT_BUNDLE_IDENTIFIER = com.git.mz.MZButtonTests;
				PRODUCT_NAME = "$(TARGET_NAME)";
				SWIFT_VERSION = 5.0;
				TARGETED_DEVICE_FAMILY = "1,2";
				TEST_HOST = "$(BUILT_PRODUCTS_DIR)/MZButton.app/MZButton";
			};
			name = Release;
		};
		5A3FFE6D23914067008D98A8 /* Debug */ = {
			isa = XCBuildConfiguration;
			buildSettings = {
				ALWAYS_EMBED_SWIFT_STANDARD_LIBRARIES = YES;
				CODE_SIGN_STYLE = Automatic;
				INFOPLIST_FILE = MZButtonUITests/Info.plist;
				LD_RUNPATH_SEARCH_PATHS = (
					"$(inherited)",
					"@executable_path/Frameworks",
					"@loader_path/Frameworks",
				);
				PRODUCT_BUNDLE_IDENTIFIER = com.git.mz.MZButtonUITests;
				PRODUCT_NAME = "$(TARGET_NAME)";
				SWIFT_VERSION = 5.0;
				TARGETED_DEVICE_FAMILY = "1,2";
				TEST_TARGET_NAME = MZButton;
			};
			name = Debug;
		};
		5A3FFE6E23914067008D98A8 /* Release */ = {
			isa = XCBuildConfiguration;
			buildSettings = {
				ALWAYS_EMBED_SWIFT_STANDARD_LIBRARIES = YES;
				CODE_SIGN_STYLE = Automatic;
				INFOPLIST_FILE = MZButtonUITests/Info.plist;
				LD_RUNPATH_SEARCH_PATHS = (
					"$(inherited)",
					"@executable_path/Frameworks",
					"@loader_path/Frameworks",
				);
				PRODUCT_BUNDLE_IDENTIFIER = com.git.mz.MZButtonUITests;
				PRODUCT_NAME = "$(TARGET_NAME)";
				SWIFT_VERSION = 5.0;
				TARGETED_DEVICE_FAMILY = "1,2";
				TEST_TARGET_NAME = MZButton;
			};
			name = Release;
		};
/* End XCBuildConfiguration section */

/* Begin XCConfigurationList section */
		5A3FFE3923914065008D98A8 /* Build configuration list for PBXProject "MZButton" */ = {
			isa = XCConfigurationList;
			buildConfigurations = (
				5A3FFE6423914067008D98A8 /* Debug */,
				5A3FFE6523914067008D98A8 /* Release */,
			);
			defaultConfigurationIsVisible = 0;
			defaultConfigurationName = Release;
		};
		5A3FFE6623914067008D98A8 /* Build configuration list for PBXNativeTarget "MZButton" */ = {
			isa = XCConfigurationList;
			buildConfigurations = (
				5A3FFE6723914067008D98A8 /* Debug */,
				5A3FFE6823914067008D98A8 /* Release */,
			);
			defaultConfigurationIsVisible = 0;
			defaultConfigurationName = Release;
		};
		5A3FFE6923914067008D98A8 /* Build configuration list for PBXNativeTarget "MZButtonTests" */ = {
			isa = XCConfigurationList;
			buildConfigurations = (
				5A3FFE6A23914067008D98A8 /* Debug */,
				5A3FFE6B23914067008D98A8 /* Release */,
			);
			defaultConfigurationIsVisible = 0;
			defaultConfigurationName = Release;
		};
		5A3FFE6C23914067008D98A8 /* Build configuration list for PBXNativeTarget "MZButtonUITests" */ = {
			isa = XCConfigurationList;
			buildConfigurations = (
				5A3FFE6D23914067008D98A8 /* Debug */,
				5A3FFE6E23914067008D98A8 /* Release */,
			);
			defaultConfigurationIsVisible = 0;
			defaultConfigurationName = Release;
		};
/* End XCConfigurationList section */
	};
	rootObject = 5A3FFE3623914065008D98A8 /* Project object */;
}
